
Microsoft Visual Studio Solution File, Format Version 12.00
# Visual Studio Version 17
VisualStudioVersion = 17.7.34202.233
MinimumVisualStudioVersion = 10.0.40219.1
Project("{9A19103F-16F7-4668-BE54-9A1E7A4F7556}") = "EcommerceHub", "EcommerceHub.csproj", "{4BCF8882-E23E-47B5-B931-482BE1AF897C}"
EndProject
Project("{2150E333-8FDC-42A3-9474-1A3956D46DE8}") = "Api", "Api", "{68C2EB35-E97C-4CDC-B67E-8857CB3CA915}"
EndProject
Project("{2150E333-8FDC-42A3-9474-1A3956D46DE8}") = "Core", "Core", "{46794E79-A107-4931-A027-90B5221D2D4E}"
EndProject
Project("{2150E333-8FDC-42A3-9474-1A3956D46DE8}") = "Business", "Business", "{F76F86DC-F890-4073-B86D-72AA3DC1FC03}"
EndProject
Project("{2150E333-8FDC-42A3-9474-1A3956D46DE8}") = "Web", "Web", "{41A1286F-05E8-4F69-B1A9-43FF87051ACD}"
EndProject
Project("{FAE04EC0-301F-11D3-BF4B-00C04F79EFBC}") = "Ecommerce.Api", "Main\Api\Ecommerce.Api\Ecommerce.Api.csproj", "{9F136ECB-7F82-4433-85DD-C50EF3EB2A41}"
EndProject
Project("{FAE04EC0-301F-11D3-BF4B-00C04F79EFBC}") = "Ecommerce.Business.Common", "Main\Business\Ecommerce.Business.Common\Ecommerce.Business.Common.csproj", "{436BCC62-C82D-4C61-AB94-36FF597B0821}"
EndProject
Project("{FAE04EC0-301F-11D3-BF4B-00C04F79EFBC}") = "Ecommerce.SharedKernel", "Main\Core\Ecommerce.SharedKernel\Ecommerce.SharedKernel.csproj", "{9376DD8A-2BDE-4BFF-9B2C-70FFDEBAB92D}"
EndProject
Project("{FAE04EC0-301F-11D3-BF4B-00C04F79EFBC}") = "Ecommerce.Common", "Main\Core\Ecommerce.Common\Ecommerce.Common.csproj", "{4BE5F1B4-D44F-46C4-82C8-E962BE78BEB9}"
EndProject
Project("{FAE04EC0-301F-11D3-BF4B-00C04F79EFBC}") = "Ecommerce.Infrastructure", "Main\Core\Ecommerce.Infrastructure\Ecommerce.Infrastructure.csproj", "{C578E96C-474F-4115-8BC0-5279D0DC25A9}"
EndProject
Project("{FAE04EC0-301F-11D3-BF4B-00C04F79EFBC}") = "Ecommerce.Web", "Main\Web\Ecommerce.Web\Ecommerce.Web.csproj", "{1EFC0B77-86A8-4DE3-AA72-C69D0F9F7F05}"
EndProject
Global
	GlobalSection(SolutionConfigurationPlatforms) = preSolution
		Debug|Any CPU = Debug|Any CPU
		Release|Any CPU = Release|Any CPU
	EndGlobalSection
	GlobalSection(ProjectConfigurationPlatforms) = postSolution
		{4BCF8882-E23E-47B5-B931-482BE1AF897C}.Debug|Any CPU.ActiveCfg = Debug|Any CPU
		{4BCF8882-E23E-47B5-B931-482BE1AF897C}.Debug|Any CPU.Build.0 = Debug|Any CPU
		{4BCF8882-E23E-47B5-B931-482BE1AF897C}.Release|Any CPU.ActiveCfg = Release|Any CPU
		{4BCF8882-E23E-47B5-B931-482BE1AF897C}.Release|Any CPU.Build.0 = Release|Any CPU
		{9F136ECB-7F82-4433-85DD-C50EF3EB2A41}.Debug|Any CPU.ActiveCfg = Debug|Any CPU
		{9F136ECB-7F82-4433-85DD-C50EF3EB2A41}.Debug|Any CPU.Build.0 = Debug|Any CPU
		{9F136ECB-7F82-4433-85DD-C50EF3EB2A41}.Release|Any CPU.ActiveCfg = Release|Any CPU
		{9F136ECB-7F82-4433-85DD-C50EF3EB2A41}.Release|Any CPU.Build.0 = Release|Any CPU
		{436BCC62-C82D-4C61-AB94-36FF597B0821}.Debug|Any CPU.ActiveCfg = Debug|Any CPU
		{436BCC62-C82D-4C61-AB94-36FF597B0821}.Debug|Any CPU.Build.0 = Debug|Any CPU
		{436BCC62-C82D-4C61-AB94-36FF597B0821}.Release|Any CPU.ActiveCfg = Release|Any CPU
		{436BCC62-C82D-4C61-AB94-36FF597B0821}.Release|Any CPU.Build.0 = Release|Any CPU
		{9376DD8A-2BDE-4BFF-9B2C-70FFDEBAB92D}.Debug|Any CPU.ActiveCfg = Debug|Any CPU
		{9376DD8A-2BDE-4BFF-9B2C-70FFDEBAB92D}.Debug|Any CPU.Build.0 = Debug|Any CPU
		{9376DD8A-2BDE-4BFF-9B2C-70FFDEBAB92D}.Release|Any CPU.ActiveCfg = Release|Any CPU
		{9376DD8A-2BDE-4BFF-9B2C-70FFDEBAB92D}.Release|Any CPU.Build.0 = Release|Any CPU
		{4BE5F1B4-D44F-46C4-82C8-E962BE78BEB9}.Debug|Any CPU.ActiveCfg = Debug|Any CPU
		{4BE5F1B4-D44F-46C4-82C8-E962BE78BEB9}.Debug|Any CPU.Build.0 = Debug|Any CPU
		{4BE5F1B4-D44F-46C4-82C8-E962BE78BEB9}.Release|Any CPU.ActiveCfg = Release|Any CPU
		{4BE5F1B4-D44F-46C4-82C8-E962BE78BEB9}.Release|Any CPU.Build.0 = Release|Any CPU
		{C578E96C-474F-4115-8BC0-5279D0DC25A9}.Debug|Any CPU.ActiveCfg = Debug|Any CPU
		{C578E96C-474F-4115-8BC0-5279D0DC25A9}.Debug|Any CPU.Build.0 = Debug|Any CPU
		{C578E96C-474F-4115-8BC0-5279D0DC25A9}.Release|Any CPU.ActiveCfg = Release|Any CPU
		{C578E96C-474F-4115-8BC0-5279D0DC25A9}.Release|Any CPU.Build.0 = Release|Any CPU
		{1EFC0B77-86A8-4DE3-AA72-C69D0F9F7F05}.Debug|Any CPU.ActiveCfg = Debug|Any CPU
		{1EFC0B77-86A8-4DE3-AA72-C69D0F9F7F05}.Debug|Any CPU.Build.0 = Debug|Any CPU
		{1EFC0B77-86A8-4DE3-AA72-C69D0F9F7F05}.Release|Any CPU.ActiveCfg = Release|Any CPU
		{1EFC0B77-86A8-4DE3-AA72-C69D0F9F7F05}.Release|Any CPU.Build.0 = Release|Any CPU
	EndGlobalSection
	GlobalSection(SolutionProperties) = preSolution
		HideSolutionNode = FALSE
	EndGlobalSection
	GlobalSection(NestedProjects) = preSolution
		{9F136ECB-7F82-4433-85DD-C50EF3EB2A41} = {68C2EB35-E97C-4CDC-B67E-8857CB3CA915}
		{436BCC62-C82D-4C61-AB94-36FF597B0821} = {F76F86DC-F890-4073-B86D-72AA3DC1FC03}
		{9376DD8A-2BDE-4BFF-9B2C-70FFDEBAB92D} = {46794E79-A107-4931-A027-90B5221D2D4E}
		{4BE5F1B4-D44F-46C4-82C8-E962BE78BEB9} = {46794E79-A107-4931-A027-90B5221D2D4E}
		{C578E96C-474F-4115-8BC0-5279D0DC25A9} = {46794E79-A107-4931-A027-90B5221D2D4E}
		{1EFC0B77-86A8-4DE3-AA72-C69D0F9F7F05} = {41A1286F-05E8-4F69-B1A9-43FF87051ACD}
	EndGlobalSection
	GlobalSection(ExtensibilityGlobals) = postSolution
		SolutionGuid = {8D72B739-5BEC-4C4E-8B73-CC48B68EC106}
	EndGlobalSection
EndGlobal
