
Microsoft Visual Studio Solution File, Format Version 12.00
# Visual Studio Version 17
VisualStudioVersion = 17.7.34202.233
MinimumVisualStudioVersion = 10.0.40219.1
Project("{9A19103F-16F7-4668-BE54-9A1E7A4F7556}") = "EcommerceHub", "EcommerceHub.csproj", "{4BCF8882-E23E-47B5-B931-482BE1AF897C}"
EndProject
Project("{2150E333-8FDC-42A3-9474-1A3956D46DE8}") = "Api", "Api", "{68C2EB35-E97C-4CDC-B67E-8857CB3CA915}"
EndProject
Project("{2150E333-8FDC-42A3-9474-1A3956D46DE8}") = "Core", "Core", "{46794E79-A107-4931-A027-90B5221D2D4E}"
EndProject
Project("{2150E333-8FDC-42A3-9474-1A3956D46DE8}") = "Business", "Business", "{F76F86DC-F890-4073-B86D-72AA3DC1FC03}"
EndProject
Project("{FAE04EC0-301F-11D3-BF4B-00C04F79EFBC}") = "Ecommerce.Domain", "..\Ecommerce.Domain\Ecommerce.Domain.csproj", "{92CD3168-F7F8-4C06-AA75-4D7A1AA7FDF6}"
EndProject
Project("{FAE04EC0-301F-11D3-BF4B-00C04F79EFBC}") = "Ecommerce.Infrastructure", "..\Ecommerce.Infrastructure\Ecommerce.Infrastructure.csproj", "{FCCD47A6-1090-49B5-AE1A-9D54F54EBAF4}"
EndProject
Project("{FAE04EC0-301F-11D3-BF4B-00C04F79EFBC}") = "Ecommerce.SharedKernel", "..\Ecommerce.SharedKernel\Ecommerce.SharedKernel.csproj", "{036276F9-4DB2-43CC-A42A-4EB31B121023}"
EndProject
Project("{FAE04EC0-301F-11D3-BF4B-00C04F79EFBC}") = "Ecommerce.Business.Authentication", "..\Ecommerce\Ecommerce.Business.Authentication.csproj", "{3635D65A-88DA-4423-8450-020A46FB4EAC}"
EndProject
Project("{FAE04EC0-301F-11D3-BF4B-00C04F79EFBC}") = "Ecommerce.Business.Catalog", "..\Ecommerce.Business.Catalog\Ecommerce.Business.Catalog.csproj", "{16670129-45EC-417B-908C-9C3E8E075653}"
EndProject
Project("{FAE04EC0-301F-11D3-BF4B-00C04F79EFBC}") = "Ecommerce.Business.Common", "..\Ecommerce.Business.Common\Ecommerce.Business.Common.csproj", "{77EB0365-3C7D-4C9A-88BE-959C1EBA1DC5}"
EndProject
Project("{FAE04EC0-301F-11D3-BF4B-00C04F79EFBC}") = "Ecommerce.Api", "..\Ecommerce.Api\Ecommerce.Api.csproj", "{47B885FC-2E2C-42F2-A555-F80720D1A9A7}"
EndProject
Project("{2150E333-8FDC-42A3-9474-1A3956D46DE8}") = "Web", "Web", "{41A1286F-05E8-4F69-B1A9-43FF87051ACD}"
EndProject
Project("{FAE04EC0-301F-11D3-BF4B-00C04F79EFBC}") = "Ecommerce.Web", "..\Ecommerce.Web\Ecommerce.Web.csproj", "{17093BC4-158E-4385-BC47-3FED9086E0E5}"
EndProject
Global
	GlobalSection(SolutionConfigurationPlatforms) = preSolution
		Debug|Any CPU = Debug|Any CPU
		Release|Any CPU = Release|Any CPU
	EndGlobalSection
	GlobalSection(ProjectConfigurationPlatforms) = postSolution
		{4BCF8882-E23E-47B5-B931-482BE1AF897C}.Debug|Any CPU.ActiveCfg = Debug|Any CPU
		{4BCF8882-E23E-47B5-B931-482BE1AF897C}.Debug|Any CPU.Build.0 = Debug|Any CPU
		{4BCF8882-E23E-47B5-B931-482BE1AF897C}.Release|Any CPU.ActiveCfg = Release|Any CPU
		{4BCF8882-E23E-47B5-B931-482BE1AF897C}.Release|Any CPU.Build.0 = Release|Any CPU
		{92CD3168-F7F8-4C06-AA75-4D7A1AA7FDF6}.Debug|Any CPU.ActiveCfg = Debug|Any CPU
		{92CD3168-F7F8-4C06-AA75-4D7A1AA7FDF6}.Debug|Any CPU.Build.0 = Debug|Any CPU
		{92CD3168-F7F8-4C06-AA75-4D7A1AA7FDF6}.Release|Any CPU.ActiveCfg = Release|Any CPU
		{92CD3168-F7F8-4C06-AA75-4D7A1AA7FDF6}.Release|Any CPU.Build.0 = Release|Any CPU
		{FCCD47A6-1090-49B5-AE1A-9D54F54EBAF4}.Debug|Any CPU.ActiveCfg = Debug|Any CPU
		{FCCD47A6-1090-49B5-AE1A-9D54F54EBAF4}.Debug|Any CPU.Build.0 = Debug|Any CPU
		{FCCD47A6-1090-49B5-AE1A-9D54F54EBAF4}.Release|Any CPU.ActiveCfg = Release|Any CPU
		{FCCD47A6-1090-49B5-AE1A-9D54F54EBAF4}.Release|Any CPU.Build.0 = Release|Any CPU
		{036276F9-4DB2-43CC-A42A-4EB31B121023}.Debug|Any CPU.ActiveCfg = Debug|Any CPU
		{036276F9-4DB2-43CC-A42A-4EB31B121023}.Debug|Any CPU.Build.0 = Debug|Any CPU
		{036276F9-4DB2-43CC-A42A-4EB31B121023}.Release|Any CPU.ActiveCfg = Release|Any CPU
		{036276F9-4DB2-43CC-A42A-4EB31B121023}.Release|Any CPU.Build.0 = Release|Any CPU
		{3635D65A-88DA-4423-8450-020A46FB4EAC}.Debug|Any CPU.ActiveCfg = Debug|Any CPU
		{3635D65A-88DA-4423-8450-020A46FB4EAC}.Debug|Any CPU.Build.0 = Debug|Any CPU
		{3635D65A-88DA-4423-8450-020A46FB4EAC}.Release|Any CPU.ActiveCfg = Release|Any CPU
		{3635D65A-88DA-4423-8450-020A46FB4EAC}.Release|Any CPU.Build.0 = Release|Any CPU
		{16670129-45EC-417B-908C-9C3E8E075653}.Debug|Any CPU.ActiveCfg = Debug|Any CPU
		{16670129-45EC-417B-908C-9C3E8E075653}.Debug|Any CPU.Build.0 = Debug|Any CPU
		{16670129-45EC-417B-908C-9C3E8E075653}.Release|Any CPU.ActiveCfg = Release|Any CPU
		{16670129-45EC-417B-908C-9C3E8E075653}.Release|Any CPU.Build.0 = Release|Any CPU
		{77EB0365-3C7D-4C9A-88BE-959C1EBA1DC5}.Debug|Any CPU.ActiveCfg = Debug|Any CPU
		{77EB0365-3C7D-4C9A-88BE-959C1EBA1DC5}.Debug|Any CPU.Build.0 = Debug|Any CPU
		{77EB0365-3C7D-4C9A-88BE-959C1EBA1DC5}.Release|Any CPU.ActiveCfg = Release|Any CPU
		{77EB0365-3C7D-4C9A-88BE-959C1EBA1DC5}.Release|Any CPU.Build.0 = Release|Any CPU
		{47B885FC-2E2C-42F2-A555-F80720D1A9A7}.Debug|Any CPU.ActiveCfg = Debug|Any CPU
		{47B885FC-2E2C-42F2-A555-F80720D1A9A7}.Debug|Any CPU.Build.0 = Debug|Any CPU
		{47B885FC-2E2C-42F2-A555-F80720D1A9A7}.Release|Any CPU.ActiveCfg = Release|Any CPU
		{47B885FC-2E2C-42F2-A555-F80720D1A9A7}.Release|Any CPU.Build.0 = Release|Any CPU
		{17093BC4-158E-4385-BC47-3FED9086E0E5}.Debug|Any CPU.ActiveCfg = Debug|Any CPU
		{17093BC4-158E-4385-BC47-3FED9086E0E5}.Debug|Any CPU.Build.0 = Debug|Any CPU
		{17093BC4-158E-4385-BC47-3FED9086E0E5}.Release|Any CPU.ActiveCfg = Release|Any CPU
		{17093BC4-158E-4385-BC47-3FED9086E0E5}.Release|Any CPU.Build.0 = Release|Any CPU
	EndGlobalSection
	GlobalSection(SolutionProperties) = preSolution
		HideSolutionNode = FALSE
	EndGlobalSection
	GlobalSection(NestedProjects) = preSolution
		{92CD3168-F7F8-4C06-AA75-4D7A1AA7FDF6} = {46794E79-A107-4931-A027-90B5221D2D4E}
		{FCCD47A6-1090-49B5-AE1A-9D54F54EBAF4} = {46794E79-A107-4931-A027-90B5221D2D4E}
		{036276F9-4DB2-43CC-A42A-4EB31B121023} = {46794E79-A107-4931-A027-90B5221D2D4E}
		{3635D65A-88DA-4423-8450-020A46FB4EAC} = {F76F86DC-F890-4073-B86D-72AA3DC1FC03}
		{16670129-45EC-417B-908C-9C3E8E075653} = {F76F86DC-F890-4073-B86D-72AA3DC1FC03}
		{77EB0365-3C7D-4C9A-88BE-959C1EBA1DC5} = {F76F86DC-F890-4073-B86D-72AA3DC1FC03}
		{47B885FC-2E2C-42F2-A555-F80720D1A9A7} = {68C2EB35-E97C-4CDC-B67E-8857CB3CA915}
		{17093BC4-158E-4385-BC47-3FED9086E0E5} = {41A1286F-05E8-4F69-B1A9-43FF87051ACD}
	EndGlobalSection
	GlobalSection(ExtensibilityGlobals) = postSolution
		SolutionGuid = {8D72B739-5BEC-4C4E-8B73-CC48B68EC106}
	EndGlobalSection
EndGlobal
